
Microsoft Visual Studio Solution File, Format Version 12.00
# Visual Studio 15
VisualStudioVersion = 15.0.26430.6
MinimumVisualStudioVersion = 10.0.40219.1
Project("{FAE04EC0-301F-11D3-BF4B-00C04F79EFBC}") = "App1.Android", "App1\App1.Android\App1.Android.csproj", "{8C498B3B-3405-4FB5-9A52-A6F01D07C4FD}"
EndProject
Project("{FAE04EC0-301F-11D3-BF4B-00C04F79EFBC}") = "App1", "App1\App1\App1.csproj", "{66C16E8B-A6F4-4C73-A675-9D7B2D828D79}"
EndProject
Project("{FAE04EC0-301F-11D3-BF4B-00C04F79EFBC}") = "App1.UWP", "App1\App1.UWP\App1.UWP.csproj", "{6CCC6D57-5A55-475C-A3A0-4784FAF1AFA0}"
EndProject
Project("{FAE04EC0-301F-11D3-BF4B-00C04F79EFBC}") = "App1.iOS", "App1\App1.iOS\App1.iOS.csproj", "{F1959905-EE81-4581-BA83-BE645E2214D4}"
EndProject
Global
	GlobalSection(SolutionConfigurationPlatforms) = preSolution
		Ad-Hoc|Any CPU = Ad-Hoc|Any CPU
		Ad-Hoc|ARM = Ad-Hoc|ARM
		Ad-Hoc|iPhone = Ad-Hoc|iPhone
		Ad-Hoc|iPhoneSimulator = Ad-Hoc|iPhoneSimulator
		Ad-Hoc|x64 = Ad-Hoc|x64
		Ad-Hoc|x86 = Ad-Hoc|x86
		AppStore|Any CPU = AppStore|Any CPU
		AppStore|ARM = AppStore|ARM
		AppStore|iPhone = AppStore|iPhone
		AppStore|iPhoneSimulator = AppStore|iPhoneSimulator
		AppStore|x64 = AppStore|x64
		AppStore|x86 = AppStore|x86
		Debug|Any CPU = Debug|Any CPU
		Debug|ARM = Debug|ARM
		Debug|iPhone = Debug|iPhone
		Debug|iPhoneSimulator = Debug|iPhoneSimulator
		Debug|x64 = Debug|x64
		Debug|x86 = Debug|x86
		Release|Any CPU = Release|Any CPU
		Release|ARM = Release|ARM
		Release|iPhone = Release|iPhone
		Release|iPhoneSimulator = Release|iPhoneSimulator
		Release|x64 = Release|x64
		Release|x86 = Release|x86
	EndGlobalSection
	GlobalSection(ProjectConfigurationPlatforms) = postSolution
		{8C498B3B-3405-4FB5-9A52-A6F01D07C4FD}.Ad-Hoc|Any CPU.ActiveCfg = Release|Any CPU
		{8C498B3B-3405-4FB5-9A52-A6F01D07C4FD}.Ad-Hoc|Any CPU.Build.0 = Release|Any CPU
		{8C498B3B-3405-4FB5-9A52-A6F01D07C4FD}.Ad-Hoc|Any CPU.Deploy.0 = Release|Any CPU
		{8C498B3B-3405-4FB5-9A52-A6F01D07C4FD}.Ad-Hoc|ARM.ActiveCfg = Release|Any CPU
		{8C498B3B-3405-4FB5-9A52-A6F01D07C4FD}.Ad-Hoc|ARM.Build.0 = Release|Any CPU
		{8C498B3B-3405-4FB5-9A52-A6F01D07C4FD}.Ad-Hoc|ARM.Deploy.0 = Release|Any CPU
		{8C498B3B-3405-4FB5-9A52-A6F01D07C4FD}.Ad-Hoc|iPhone.ActiveCfg = Release|Any CPU
		{8C498B3B-3405-4FB5-9A52-A6F01D07C4FD}.Ad-Hoc|iPhone.Build.0 = Release|Any CPU
		{8C498B3B-3405-4FB5-9A52-A6F01D07C4FD}.Ad-Hoc|iPhone.Deploy.0 = Release|Any CPU
		{8C498B3B-3405-4FB5-9A52-A6F01D07C4FD}.Ad-Hoc|iPhoneSimulator.ActiveCfg = Release|Any CPU
		{8C498B3B-3405-4FB5-9A52-A6F01D07C4FD}.Ad-Hoc|iPhoneSimulator.Build.0 = Release|Any CPU
		{8C498B3B-3405-4FB5-9A52-A6F01D07C4FD}.Ad-Hoc|iPhoneSimulator.Deploy.0 = Release|Any CPU
		{8C498B3B-3405-4FB5-9A52-A6F01D07C4FD}.Ad-Hoc|x64.ActiveCfg = Release|Any CPU
		{8C498B3B-3405-4FB5-9A52-A6F01D07C4FD}.Ad-Hoc|x64.Build.0 = Release|Any CPU
		{8C498B3B-3405-4FB5-9A52-A6F01D07C4FD}.Ad-Hoc|x64.Deploy.0 = Release|Any CPU
		{8C498B3B-3405-4FB5-9A52-A6F01D07C4FD}.Ad-Hoc|x86.ActiveCfg = Release|Any CPU
		{8C498B3B-3405-4FB5-9A52-A6F01D07C4FD}.Ad-Hoc|x86.Build.0 = Release|Any CPU
		{8C498B3B-3405-4FB5-9A52-A6F01D07C4FD}.Ad-Hoc|x86.Deploy.0 = Release|Any CPU
		{8C498B3B-3405-4FB5-9A52-A6F01D07C4FD}.AppStore|Any CPU.ActiveCfg = Release|Any CPU
		{8C498B3B-3405-4FB5-9A52-A6F01D07C4FD}.AppStore|Any CPU.Build.0 = Release|Any CPU
		{8C498B3B-3405-4FB5-9A52-A6F01D07C4FD}.AppStore|Any CPU.Deploy.0 = Release|Any CPU
		{8C498B3B-3405-4FB5-9A52-A6F01D07C4FD}.AppStore|ARM.ActiveCfg = Release|Any CPU
		{8C498B3B-3405-4FB5-9A52-A6F01D07C4FD}.AppStore|ARM.Build.0 = Release|Any CPU
		{8C498B3B-3405-4FB5-9A52-A6F01D07C4FD}.AppStore|ARM.Deploy.0 = Release|Any CPU
		{8C498B3B-3405-4FB5-9A52-A6F01D07C4FD}.AppStore|iPhone.ActiveCfg = Release|Any CPU
		{8C498B3B-3405-4FB5-9A52-A6F01D07C4FD}.AppStore|iPhone.Build.0 = Release|Any CPU
		{8C498B3B-3405-4FB5-9A52-A6F01D07C4FD}.AppStore|iPhone.Deploy.0 = Release|Any CPU
		{8C498B3B-3405-4FB5-9A52-A6F01D07C4FD}.AppStore|iPhoneSimulator.ActiveCfg = Release|Any CPU
		{8C498B3B-3405-4FB5-9A52-A6F01D07C4FD}.AppStore|iPhoneSimulator.Build.0 = Release|Any CPU
		{8C498B3B-3405-4FB5-9A52-A6F01D07C4FD}.AppStore|iPhoneSimulator.Deploy.0 = Release|Any CPU
		{8C498B3B-3405-4FB5-9A52-A6F01D07C4FD}.AppStore|x64.ActiveCfg = Release|Any CPU
		{8C498B3B-3405-4FB5-9A52-A6F01D07C4FD}.AppStore|x64.Build.0 = Release|Any CPU
		{8C498B3B-3405-4FB5-9A52-A6F01D07C4FD}.AppStore|x64.Deploy.0 = Release|Any CPU
		{8C498B3B-3405-4FB5-9A52-A6F01D07C4FD}.AppStore|x86.ActiveCfg = Release|Any CPU
		{8C498B3B-3405-4FB5-9A52-A6F01D07C4FD}.AppStore|x86.Build.0 = Release|Any CPU
		{8C498B3B-3405-4FB5-9A52-A6F01D07C4FD}.AppStore|x86.Deploy.0 = Release|Any CPU
		{8C498B3B-3405-4FB5-9A52-A6F01D07C4FD}.Debug|Any CPU.ActiveCfg = Debug|Any CPU
		{8C498B3B-3405-4FB5-9A52-A6F01D07C4FD}.Debug|Any CPU.Build.0 = Debug|Any CPU
		{8C498B3B-3405-4FB5-9A52-A6F01D07C4FD}.Debug|Any CPU.Deploy.0 = Debug|Any CPU
		{8C498B3B-3405-4FB5-9A52-A6F01D07C4FD}.Debug|ARM.ActiveCfg = Debug|Any CPU
		{8C498B3B-3405-4FB5-9A52-A6F01D07C4FD}.Debug|ARM.Build.0 = Debug|Any CPU
		{8C498B3B-3405-4FB5-9A52-A6F01D07C4FD}.Debug|ARM.Deploy.0 = Debug|Any CPU
		{8C498B3B-3405-4FB5-9A52-A6F01D07C4FD}.Debug|iPhone.ActiveCfg = Debug|Any CPU
		{8C498B3B-3405-4FB5-9A52-A6F01D07C4FD}.Debug|iPhone.Build.0 = Debug|Any CPU
		{8C498B3B-3405-4FB5-9A52-A6F01D07C4FD}.Debug|iPhone.Deploy.0 = Debug|Any CPU
		{8C498B3B-3405-4FB5-9A52-A6F01D07C4FD}.Debug|iPhoneSimulator.ActiveCfg = Debug|Any CPU
		{8C498B3B-3405-4FB5-9A52-A6F01D07C4FD}.Debug|iPhoneSimulator.Build.0 = Debug|Any CPU
		{8C498B3B-3405-4FB5-9A52-A6F01D07C4FD}.Debug|iPhoneSimulator.Deploy.0 = Debug|Any CPU
		{8C498B3B-3405-4FB5-9A52-A6F01D07C4FD}.Debug|x64.ActiveCfg = Debug|Any CPU
		{8C498B3B-3405-4FB5-9A52-A6F01D07C4FD}.Debug|x64.Build.0 = Debug|Any CPU
		{8C498B3B-3405-4FB5-9A52-A6F01D07C4FD}.Debug|x64.Deploy.0 = Debug|Any CPU
		{8C498B3B-3405-4FB5-9A52-A6F01D07C4FD}.Debug|x86.ActiveCfg = Debug|Any CPU
		{8C498B3B-3405-4FB5-9A52-A6F01D07C4FD}.Debug|x86.Build.0 = Debug|Any CPU
		{8C498B3B-3405-4FB5-9A52-A6F01D07C4FD}.Debug|x86.Deploy.0 = Debug|Any CPU
		{8C498B3B-3405-4FB5-9A52-A6F01D07C4FD}.Release|Any CPU.ActiveCfg = Release|Any CPU
		{8C498B3B-3405-4FB5-9A52-A6F01D07C4FD}.Release|Any CPU.Build.0 = Release|Any CPU
		{8C498B3B-3405-4FB5-9A52-A6F01D07C4FD}.Release|Any CPU.Deploy.0 = Release|Any CPU
		{8C498B3B-3405-4FB5-9A52-A6F01D07C4FD}.Release|ARM.ActiveCfg = Release|Any CPU
		{8C498B3B-3405-4FB5-9A52-A6F01D07C4FD}.Release|ARM.Build.0 = Release|Any CPU
		{8C498B3B-3405-4FB5-9A52-A6F01D07C4FD}.Release|ARM.Deploy.0 = Release|Any CPU
		{8C498B3B-3405-4FB5-9A52-A6F01D07C4FD}.Release|iPhone.ActiveCfg = Release|Any CPU
		{8C498B3B-3405-4FB5-9A52-A6F01D07C4FD}.Release|iPhone.Build.0 = Release|Any CPU
		{8C498B3B-3405-4FB5-9A52-A6F01D07C4FD}.Release|iPhone.Deploy.0 = Release|Any CPU
		{8C498B3B-3405-4FB5-9A52-A6F01D07C4FD}.Release|iPhoneSimulator.ActiveCfg = Release|Any CPU
		{8C498B3B-3405-4FB5-9A52-A6F01D07C4FD}.Release|iPhoneSimulator.Build.0 = Release|Any CPU
		{8C498B3B-3405-4FB5-9A52-A6F01D07C4FD}.Release|iPhoneSimulator.Deploy.0 = Release|Any CPU
		{8C498B3B-3405-4FB5-9A52-A6F01D07C4FD}.Release|x64.ActiveCfg = Release|Any CPU
		{8C498B3B-3405-4FB5-9A52-A6F01D07C4FD}.Release|x64.Build.0 = Release|Any CPU
		{8C498B3B-3405-4FB5-9A52-A6F01D07C4FD}.Release|x64.Deploy.0 = Release|Any CPU
		{8C498B3B-3405-4FB5-9A52-A6F01D07C4FD}.Release|x86.ActiveCfg = Release|Any CPU
		{8C498B3B-3405-4FB5-9A52-A6F01D07C4FD}.Release|x86.Build.0 = Release|Any CPU
		{8C498B3B-3405-4FB5-9A52-A6F01D07C4FD}.Release|x86.Deploy.0 = Release|Any CPU
		{66C16E8B-A6F4-4C73-A675-9D7B2D828D79}.Ad-Hoc|Any CPU.ActiveCfg = Release|Any CPU
		{66C16E8B-A6F4-4C73-A675-9D7B2D828D79}.Ad-Hoc|Any CPU.Build.0 = Release|Any CPU
		{66C16E8B-A6F4-4C73-A675-9D7B2D828D79}.Ad-Hoc|ARM.ActiveCfg = Release|Any CPU
		{66C16E8B-A6F4-4C73-A675-9D7B2D828D79}.Ad-Hoc|ARM.Build.0 = Release|Any CPU
		{66C16E8B-A6F4-4C73-A675-9D7B2D828D79}.Ad-Hoc|iPhone.ActiveCfg = Release|Any CPU
		{66C16E8B-A6F4-4C73-A675-9D7B2D828D79}.Ad-Hoc|iPhone.Build.0 = Release|Any CPU
		{66C16E8B-A6F4-4C73-A675-9D7B2D828D79}.Ad-Hoc|iPhoneSimulator.ActiveCfg = Release|Any CPU
		{66C16E8B-A6F4-4C73-A675-9D7B2D828D79}.Ad-Hoc|iPhoneSimulator.Build.0 = Release|Any CPU
		{66C16E8B-A6F4-4C73-A675-9D7B2D828D79}.Ad-Hoc|x64.ActiveCfg = Release|Any CPU
		{66C16E8B-A6F4-4C73-A675-9D7B2D828D79}.Ad-Hoc|x64.Build.0 = Release|Any CPU
		{66C16E8B-A6F4-4C73-A675-9D7B2D828D79}.Ad-Hoc|x86.ActiveCfg = Release|Any CPU
		{66C16E8B-A6F4-4C73-A675-9D7B2D828D79}.Ad-Hoc|x86.Build.0 = Release|Any CPU
		{66C16E8B-A6F4-4C73-A675-9D7B2D828D79}.AppStore|Any CPU.ActiveCfg = Release|Any CPU
		{66C16E8B-A6F4-4C73-A675-9D7B2D828D79}.AppStore|Any CPU.Build.0 = Release|Any CPU
		{66C16E8B-A6F4-4C73-A675-9D7B2D828D79}.AppStore|ARM.ActiveCfg = Release|Any CPU
		{66C16E8B-A6F4-4C73-A675-9D7B2D828D79}.AppStore|ARM.Build.0 = Release|Any CPU
		{66C16E8B-A6F4-4C73-A675-9D7B2D828D79}.AppStore|iPhone.ActiveCfg = Release|Any CPU
		{66C16E8B-A6F4-4C73-A675-9D7B2D828D79}.AppStore|iPhone.Build.0 = Release|Any CPU
		{66C16E8B-A6F4-4C73-A675-9D7B2D828D79}.AppStore|iPhoneSimulator.ActiveCfg = Release|Any CPU
		{66C16E8B-A6F4-4C73-A675-9D7B2D828D79}.AppStore|iPhoneSimulator.Build.0 = Release|Any CPU
		{66C16E8B-A6F4-4C73-A675-9D7B2D828D79}.AppStore|x64.ActiveCfg = Release|Any CPU
		{66C16E8B-A6F4-4C73-A675-9D7B2D828D79}.AppStore|x64.Build.0 = Release|Any CPU
		{66C16E8B-A6F4-4C73-A675-9D7B2D828D79}.AppStore|x86.ActiveCfg = Release|Any CPU
		{66C16E8B-A6F4-4C73-A675-9D7B2D828D79}.AppStore|x86.Build.0 = Release|Any CPU
		{66C16E8B-A6F4-4C73-A675-9D7B2D828D79}.Debug|Any CPU.ActiveCfg = Debug|Any CPU
		{66C16E8B-A6F4-4C73-A675-9D7B2D828D79}.Debug|Any CPU.Build.0 = Debug|Any CPU
		{66C16E8B-A6F4-4C73-A675-9D7B2D828D79}.Debug|ARM.ActiveCfg = Debug|Any CPU
		{66C16E8B-A6F4-4C73-A675-9D7B2D828D79}.Debug|ARM.Build.0 = Debug|Any CPU
		{66C16E8B-A6F4-4C73-A675-9D7B2D828D79}.Debug|iPhone.ActiveCfg = Debug|Any CPU
		{66C16E8B-A6F4-4C73-A675-9D7B2D828D79}.Debug|iPhone.Build.0 = Debug|Any CPU
		{66C16E8B-A6F4-4C73-A675-9D7B2D828D79}.Debug|iPhoneSimulator.ActiveCfg = Debug|Any CPU
		{66C16E8B-A6F4-4C73-A675-9D7B2D828D79}.Debug|iPhoneSimulator.Build.0 = Debug|Any CPU
		{66C16E8B-A6F4-4C73-A675-9D7B2D828D79}.Debug|x64.ActiveCfg = Debug|Any CPU
		{66C16E8B-A6F4-4C73-A675-9D7B2D828D79}.Debug|x64.Build.0 = Debug|Any CPU
		{66C16E8B-A6F4-4C73-A675-9D7B2D828D79}.Debug|x86.ActiveCfg = Debug|Any CPU
		{66C16E8B-A6F4-4C73-A675-9D7B2D828D79}.Debug|x86.Build.0 = Debug|Any CPU
		{66C16E8B-A6F4-4C73-A675-9D7B2D828D79}.Release|Any CPU.ActiveCfg = Release|Any CPU
		{66C16E8B-A6F4-4C73-A675-9D7B2D828D79}.Release|Any CPU.Build.0 = Release|Any CPU
		{66C16E8B-A6F4-4C73-A675-9D7B2D828D79}.Release|ARM.ActiveCfg = Release|Any CPU
		{66C16E8B-A6F4-4C73-A675-9D7B2D828D79}.Release|ARM.Build.0 = Release|Any CPU
		{66C16E8B-A6F4-4C73-A675-9D7B2D828D79}.Release|iPhone.ActiveCfg = Release|Any CPU
		{66C16E8B-A6F4-4C73-A675-9D7B2D828D79}.Release|iPhone.Build.0 = Release|Any CPU
		{66C16E8B-A6F4-4C73-A675-9D7B2D828D79}.Release|iPhoneSimulator.ActiveCfg = Release|Any CPU
		{66C16E8B-A6F4-4C73-A675-9D7B2D828D79}.Release|iPhoneSimulator.Build.0 = Release|Any CPU
		{66C16E8B-A6F4-4C73-A675-9D7B2D828D79}.Release|x64.ActiveCfg = Release|Any CPU
		{66C16E8B-A6F4-4C73-A675-9D7B2D828D79}.Release|x64.Build.0 = Release|Any CPU
		{66C16E8B-A6F4-4C73-A675-9D7B2D828D79}.Release|x86.ActiveCfg = Release|Any CPU
		{66C16E8B-A6F4-4C73-A675-9D7B2D828D79}.Release|x86.Build.0 = Release|Any CPU
		{6CCC6D57-5A55-475C-A3A0-4784FAF1AFA0}.Ad-Hoc|Any CPU.ActiveCfg = Release|x86
		{6CCC6D57-5A55-475C-A3A0-4784FAF1AFA0}.Ad-Hoc|Any CPU.Build.0 = Release|x86
		{6CCC6D57-5A55-475C-A3A0-4784FAF1AFA0}.Ad-Hoc|Any CPU.Deploy.0 = Release|x86
		{6CCC6D57-5A55-475C-A3A0-4784FAF1AFA0}.Ad-Hoc|ARM.ActiveCfg = Release|ARM
		{6CCC6D57-5A55-475C-A3A0-4784FAF1AFA0}.Ad-Hoc|ARM.Build.0 = Release|ARM
		{6CCC6D57-5A55-475C-A3A0-4784FAF1AFA0}.Ad-Hoc|ARM.Deploy.0 = Release|ARM
		{6CCC6D57-5A55-475C-A3A0-4784FAF1AFA0}.Ad-Hoc|iPhone.ActiveCfg = Release|x86
		{6CCC6D57-5A55-475C-A3A0-4784FAF1AFA0}.Ad-Hoc|iPhone.Build.0 = Release|x86
		{6CCC6D57-5A55-475C-A3A0-4784FAF1AFA0}.Ad-Hoc|iPhone.Deploy.0 = Release|x86
		{6CCC6D57-5A55-475C-A3A0-4784FAF1AFA0}.Ad-Hoc|iPhoneSimulator.ActiveCfg = Release|x86
		{6CCC6D57-5A55-475C-A3A0-4784FAF1AFA0}.Ad-Hoc|iPhoneSimulator.Build.0 = Release|x86
		{6CCC6D57-5A55-475C-A3A0-4784FAF1AFA0}.Ad-Hoc|iPhoneSimulator.Deploy.0 = Release|x86
		{6CCC6D57-5A55-475C-A3A0-4784FAF1AFA0}.Ad-Hoc|x64.ActiveCfg = Release|x64
		{6CCC6D57-5A55-475C-A3A0-4784FAF1AFA0}.Ad-Hoc|x64.Build.0 = Release|x64
		{6CCC6D57-5A55-475C-A3A0-4784FAF1AFA0}.Ad-Hoc|x64.Deploy.0 = Release|x64
		{6CCC6D57-5A55-475C-A3A0-4784FAF1AFA0}.Ad-Hoc|x86.ActiveCfg = Release|x86
		{6CCC6D57-5A55-475C-A3A0-4784FAF1AFA0}.Ad-Hoc|x86.Build.0 = Release|x86
		{6CCC6D57-5A55-475C-A3A0-4784FAF1AFA0}.Ad-Hoc|x86.Deploy.0 = Release|x86
		{6CCC6D57-5A55-475C-A3A0-4784FAF1AFA0}.AppStore|Any CPU.ActiveCfg = Release|x86
		{6CCC6D57-5A55-475C-A3A0-4784FAF1AFA0}.AppStore|Any CPU.Build.0 = Release|x86
		{6CCC6D57-5A55-475C-A3A0-4784FAF1AFA0}.AppStore|Any CPU.Deploy.0 = Release|x86
		{6CCC6D57-5A55-475C-A3A0-4784FAF1AFA0}.AppStore|ARM.ActiveCfg = Release|ARM
		{6CCC6D57-5A55-475C-A3A0-4784FAF1AFA0}.AppStore|ARM.Build.0 = Release|ARM
		{6CCC6D57-5A55-475C-A3A0-4784FAF1AFA0}.AppStore|ARM.Deploy.0 = Release|ARM
		{6CCC6D57-5A55-475C-A3A0-4784FAF1AFA0}.AppStore|iPhone.ActiveCfg = Release|x86
		{6CCC6D57-5A55-475C-A3A0-4784FAF1AFA0}.AppStore|iPhone.Build.0 = Release|x86
		{6CCC6D57-5A55-475C-A3A0-4784FAF1AFA0}.AppStore|iPhone.Deploy.0 = Release|x86
		{6CCC6D57-5A55-475C-A3A0-4784FAF1AFA0}.AppStore|iPhoneSimulator.ActiveCfg = Release|x86
		{6CCC6D57-5A55-475C-A3A0-4784FAF1AFA0}.AppStore|iPhoneSimulator.Build.0 = Release|x86
		{6CCC6D57-5A55-475C-A3A0-4784FAF1AFA0}.AppStore|iPhoneSimulator.Deploy.0 = Release|x86
		{6CCC6D57-5A55-475C-A3A0-4784FAF1AFA0}.AppStore|x64.ActiveCfg = Release|x64
		{6CCC6D57-5A55-475C-A3A0-4784FAF1AFA0}.AppStore|x64.Build.0 = Release|x64
		{6CCC6D57-5A55-475C-A3A0-4784FAF1AFA0}.AppStore|x64.Deploy.0 = Release|x64
		{6CCC6D57-5A55-475C-A3A0-4784FAF1AFA0}.AppStore|x86.ActiveCfg = Release|x86
		{6CCC6D57-5A55-475C-A3A0-4784FAF1AFA0}.AppStore|x86.Build.0 = Release|x86
		{6CCC6D57-5A55-475C-A3A0-4784FAF1AFA0}.AppStore|x86.Deploy.0 = Release|x86
		{6CCC6D57-5A55-475C-A3A0-4784FAF1AFA0}.Debug|Any CPU.ActiveCfg = Debug|x86
		{6CCC6D57-5A55-475C-A3A0-4784FAF1AFA0}.Debug|ARM.ActiveCfg = Debug|ARM
		{6CCC6D57-5A55-475C-A3A0-4784FAF1AFA0}.Debug|ARM.Build.0 = Debug|ARM
		{6CCC6D57-5A55-475C-A3A0-4784FAF1AFA0}.Debug|ARM.Deploy.0 = Debug|ARM
		{6CCC6D57-5A55-475C-A3A0-4784FAF1AFA0}.Debug|iPhone.ActiveCfg = Debug|x86
		{6CCC6D57-5A55-475C-A3A0-4784FAF1AFA0}.Debug|iPhoneSimulator.ActiveCfg = Debug|x86
		{6CCC6D57-5A55-475C-A3A0-4784FAF1AFA0}.Debug|x64.ActiveCfg = Debug|x64
		{6CCC6D57-5A55-475C-A3A0-4784FAF1AFA0}.Debug|x64.Build.0 = Debug|x64
		{6CCC6D57-5A55-475C-A3A0-4784FAF1AFA0}.Debug|x64.Deploy.0 = Debug|x64
		{6CCC6D57-5A55-475C-A3A0-4784FAF1AFA0}.Debug|x86.ActiveCfg = Debug|x86
		{6CCC6D57-5A55-475C-A3A0-4784FAF1AFA0}.Debug|x86.Build.0 = Debug|x86
		{6CCC6D57-5A55-475C-A3A0-4784FAF1AFA0}.Debug|x86.Deploy.0 = Debug|x86
		{6CCC6D57-5A55-475C-A3A0-4784FAF1AFA0}.Release|Any CPU.ActiveCfg = Release|x86
		{6CCC6D57-5A55-475C-A3A0-4784FAF1AFA0}.Release|ARM.ActiveCfg = Release|ARM
		{6CCC6D57-5A55-475C-A3A0-4784FAF1AFA0}.Release|ARM.Build.0 = Release|ARM
		{6CCC6D57-5A55-475C-A3A0-4784FAF1AFA0}.Release|ARM.Deploy.0 = Release|ARM
		{6CCC6D57-5A55-475C-A3A0-4784FAF1AFA0}.Release|iPhone.ActiveCfg = Release|x86
		{6CCC6D57-5A55-475C-A3A0-4784FAF1AFA0}.Release|iPhoneSimulator.ActiveCfg = Release|x86
		{6CCC6D57-5A55-475C-A3A0-4784FAF1AFA0}.Release|x64.ActiveCfg = Release|x64
		{6CCC6D57-5A55-475C-A3A0-4784FAF1AFA0}.Release|x64.Build.0 = Release|x64
		{6CCC6D57-5A55-475C-A3A0-4784FAF1AFA0}.Release|x64.Deploy.0 = Release|x64
		{6CCC6D57-5A55-475C-A3A0-4784FAF1AFA0}.Release|x86.ActiveCfg = Release|x86
		{6CCC6D57-5A55-475C-A3A0-4784FAF1AFA0}.Release|x86.Build.0 = Release|x86
		{6CCC6D57-5A55-475C-A3A0-4784FAF1AFA0}.Release|x86.Deploy.0 = Release|x86
		{F1959905-EE81-4581-BA83-BE645E2214D4}.Ad-Hoc|Any CPU.ActiveCfg = Ad-Hoc|iPhone
		{F1959905-EE81-4581-BA83-BE645E2214D4}.Ad-Hoc|ARM.ActiveCfg = Ad-Hoc|iPhone
		{F1959905-EE81-4581-BA83-BE645E2214D4}.Ad-Hoc|iPhone.ActiveCfg = Ad-Hoc|iPhone
		{F1959905-EE81-4581-BA83-BE645E2214D4}.Ad-Hoc|iPhone.Build.0 = Ad-Hoc|iPhone
		{F1959905-EE81-4581-BA83-BE645E2214D4}.Ad-Hoc|iPhoneSimulator.ActiveCfg = Ad-Hoc|iPhoneSimulator
		{F1959905-EE81-4581-BA83-BE645E2214D4}.Ad-Hoc|iPhoneSimulator.Build.0 = Ad-Hoc|iPhoneSimulator
		{F1959905-EE81-4581-BA83-BE645E2214D4}.Ad-Hoc|x64.ActiveCfg = Ad-Hoc|iPhone
		{F1959905-EE81-4581-BA83-BE645E2214D4}.Ad-Hoc|x86.ActiveCfg = Ad-Hoc|iPhone
		{F1959905-EE81-4581-BA83-BE645E2214D4}.AppStore|Any CPU.ActiveCfg = AppStore|iPhone
		{F1959905-EE81-4581-BA83-BE645E2214D4}.AppStore|ARM.ActiveCfg = AppStore|iPhone
		{F1959905-EE81-4581-BA83-BE645E2214D4}.AppStore|iPhone.ActiveCfg = AppStore|iPhone
		{F1959905-EE81-4581-BA83-BE645E2214D4}.AppStore|iPhone.Build.0 = AppStore|iPhone
		{F1959905-EE81-4581-BA83-BE645E2214D4}.AppStore|iPhoneSimulator.ActiveCfg = AppStore|iPhoneSimulator
		{F1959905-EE81-4581-BA83-BE645E2214D4}.AppStore|iPhoneSimulator.Build.0 = AppStore|iPhoneSimulator
		{F1959905-EE81-4581-BA83-BE645E2214D4}.AppStore|x64.ActiveCfg = AppStore|iPhone
		{F1959905-EE81-4581-BA83-BE645E2214D4}.AppStore|x86.ActiveCfg = AppStore|iPhone
		{F1959905-EE81-4581-BA83-BE645E2214D4}.Debug|Any CPU.ActiveCfg = Debug|iPhone
		{F1959905-EE81-4581-BA83-BE645E2214D4}.Debug|ARM.ActiveCfg = Debug|iPhone
		{F1959905-EE81-4581-BA83-BE645E2214D4}.Debug|iPhone.ActiveCfg = Debug|iPhone
		{F1959905-EE81-4581-BA83-BE645E2214D4}.Debug|iPhone.Build.0 = Debug|iPhone
		{F1959905-EE81-4581-BA83-BE645E2214D4}.Debug|iPhoneSimulator.ActiveCfg = Debug|iPhoneSimulator
		{F1959905-EE81-4581-BA83-BE645E2214D4}.Debug|iPhoneSimulator.Build.0 = Debug|iPhoneSimulator
		{F1959905-EE81-4581-BA83-BE645E2214D4}.Debug|x64.ActiveCfg = Debug|iPhone
		{F1959905-EE81-4581-BA83-BE645E2214D4}.Debug|x86.ActiveCfg = Debug|iPhone
		{F1959905-EE81-4581-BA83-BE645E2214D4}.Release|Any CPU.ActiveCfg = Release|iPhone
		{F1959905-EE81-4581-BA83-BE645E2214D4}.Release|ARM.ActiveCfg = Release|iPhone
		{F1959905-EE81-4581-BA83-BE645E2214D4}.Release|iPhone.ActiveCfg = Release|iPhone
		{F1959905-EE81-4581-BA83-BE645E2214D4}.Release|iPhone.Build.0 = Release|iPhone
		{F1959905-EE81-4581-BA83-BE645E2214D4}.Release|iPhoneSimulator.ActiveCfg = Release|iPhoneSimulator
		{F1959905-EE81-4581-BA83-BE645E2214D4}.Release|iPhoneSimulator.Build.0 = Release|iPhoneSimulator
		{F1959905-EE81-4581-BA83-BE645E2214D4}.Release|x64.ActiveCfg = Release|iPhone
		{F1959905-EE81-4581-BA83-BE645E2214D4}.Release|x86.ActiveCfg = Release|iPhone
	EndGlobalSection
	GlobalSection(SolutionProperties) = preSolution
		HideSolutionNode = FALSE
	EndGlobalSection
EndGlobal
